// !$*UTF8*$!
{
	archiveVersion = 1;
	classes = {
	};
	objectVersion = 50;
	objects = {

/* Begin PBXBuildFile section */
		2064B81232B832C10C8D5BE2 /* Pods_mix_rn.framework in Frameworks */ = {isa = PBXBuildFile; fileRef = A0BD986EF8ECD559B2C45554 /* Pods_mix_rn.framework */; };
		FD4809DE20A58A5A00BB3E78 /* MyBridgeModule.m in Sources */ = {isa = PBXBuildFile; fileRef = FD4809DD20A58A5A00BB3E78 /* MyBridgeModule.m */; };
		FDAF55A320A562290012D637 /* AppDelegate.swift in Sources */ = {isa = PBXBuildFile; fileRef = FDAF55A220A562290012D637 /* AppDelegate.swift */; };
		FDAF55A520A562290012D637 /* ViewController.swift in Sources */ = {isa = PBXBuildFile; fileRef = FDAF55A420A562290012D637 /* ViewController.swift */; };
		FDAF55A820A562290012D637 /* Main.storyboard in Resources */ = {isa = PBXBuildFile; fileRef = FDAF55A620A562290012D637 /* Main.storyboard */; };
		FDAF55AA20A5622B0012D637 /* Assets.xcassets in Resources */ = {isa = PBXBuildFile; fileRef = FDAF55A920A5622B0012D637 /* Assets.xcassets */; };
		FDAF55AD20A5622B0012D637 /* LaunchScreen.storyboard in Resources */ = {isa = PBXBuildFile; fileRef = FDAF55AB20A5622B0012D637 /* LaunchScreen.storyboard */; };
/* End PBXBuildFile section */

/* Begin PBXFileReference section */
		0070FD94C11DC3388C72BFF6 /* Pods-mix_rn.debug.xcconfig */ = {isa = PBXFileReference; includeInIndex = 1; lastKnownFileType = text.xcconfig; name = "Pods-mix_rn.debug.xcconfig"; path = "Pods/Target Support Files/Pods-mix_rn/Pods-mix_rn.debug.xcconfig"; sourceTree = "<group>"; };
		A0BD986EF8ECD559B2C45554 /* Pods_mix_rn.framework */ = {isa = PBXFileReference; explicitFileType = wrapper.framework; includeInIndex = 0; path = Pods_mix_rn.framework; sourceTree = BUILT_PRODUCTS_DIR; };
		DB8966B91A753882F08385D9 /* Pods-mix_rn.release.xcconfig */ = {isa = PBXFileReference; includeInIndex = 1; lastKnownFileType = text.xcconfig; name = "Pods-mix_rn.release.xcconfig"; path = "Pods/Target Support Files/Pods-mix_rn/Pods-mix_rn.release.xcconfig"; sourceTree = "<group>"; };
		FD4809DB20A58A5900BB3E78 /* mix_rn-Bridging-Header.h */ = {isa = PBXFileReference; lastKnownFileType = sourcecode.c.h; path = "mix_rn-Bridging-Header.h"; sourceTree = "<group>"; };
		FD4809DC20A58A5A00BB3E78 /* MyBridgeModule.h */ = {isa = PBXFileReference; lastKnownFileType = sourcecode.c.h; path = MyBridgeModule.h; sourceTree = "<group>"; };
		FD4809DD20A58A5A00BB3E78 /* MyBridgeModule.m */ = {isa = PBXFileReference; lastKnownFileType = sourcecode.c.objc; path = MyBridgeModule.m; sourceTree = "<group>"; };
		FDAF559F20A562290012D637 /* mix_rn.app */ = {isa = PBXFileReference; explicitFileType = wrapper.application; includeInIndex = 0; path = mix_rn.app; sourceTree = BUILT_PRODUCTS_DIR; };
		FDAF55A220A562290012D637 /* AppDelegate.swift */ = {isa = PBXFileReference; lastKnownFileType = sourcecode.swift; path = AppDelegate.swift; sourceTree = "<group>"; };
		FDAF55A420A562290012D637 /* ViewController.swift */ = {isa = PBXFileReference; lastKnownFileType = sourcecode.swift; path = ViewController.swift; sourceTree = "<group>"; };
		FDAF55A720A562290012D637 /* Base */ = {isa = PBXFileReference; lastKnownFileType = file.storyboard; name = Base; path = Base.lproj/Main.storyboard; sourceTree = "<group>"; };
		FDAF55A920A5622B0012D637 /* Assets.xcassets */ = {isa = PBXFileReference; lastKnownFileType = folder.assetcatalog; path = Assets.xcassets; sourceTree = "<group>"; };
		FDAF55AC20A5622B0012D637 /* Base */ = {isa = PBXFileReference; lastKnownFileType = file.storyboard; name = Base; path = Base.lproj/LaunchScreen.storyboard; sourceTree = "<group>"; };
		FDAF55AE20A5622B0012D637 /* Info.plist */ = {isa = PBXFileReference; lastKnownFileType = text.plist.xml; path = Info.plist; sourceTree = "<group>"; };
/* End PBXFileReference section */

/* Begin PBXFrameworksBuildPhase section */
		FDAF559C20A562290012D637 /* Frameworks */ = {
			isa = PBXFrameworksBuildPhase;
			buildActionMask = 2147483647;
			files = (
				2064B81232B832C10C8D5BE2 /* Pods_mix_rn.framework in Frameworks */,
			);
			runOnlyForDeploymentPostprocessing = 0;
		};
/* End PBXFrameworksBuildPhase section */

/* Begin PBXGroup section */
		0198E735B312CF0DD2129144 /* Pods */ = {
			isa = PBXGroup;
			children = (
				0070FD94C11DC3388C72BFF6 /* Pods-mix_rn.debug.xcconfig */,
				DB8966B91A753882F08385D9 /* Pods-mix_rn.release.xcconfig */,
			);
			name = Pods;
			sourceTree = "<group>";
		};
		3F8D5A920D62B977BC0DEB95 /* Frameworks */ = {
			isa = PBXGroup;
			children = (
				A0BD986EF8ECD559B2C45554 /* Pods_mix_rn.framework */,
			);
			name = Frameworks;
			sourceTree = "<group>";
		};
		FDAF559620A562290012D637 = {
			isa = PBXGroup;
			children = (
				FDAF55A120A562290012D637 /* mix_rn */,
				FDAF55A020A562290012D637 /* Products */,
				0198E735B312CF0DD2129144 /* Pods */,
				3F8D5A920D62B977BC0DEB95 /* Frameworks */,
			);
			sourceTree = "<group>";
		};
		FDAF55A020A562290012D637 /* Products */ = {
			isa = PBXGroup;
			children = (
				FDAF559F20A562290012D637 /* mix_rn.app */,
			);
			name = Products;
			sourceTree = "<group>";
		};
		FDAF55A120A562290012D637 /* mix_rn */ = {
			isa = PBXGroup;
			children = (
				FDAF55A220A562290012D637 /* AppDelegate.swift */,
				FDAF55A420A562290012D637 /* ViewController.swift */,
				FDAF55A620A562290012D637 /* Main.storyboard */,
				FDAF55A920A5622B0012D637 /* Assets.xcassets */,
				FDAF55AB20A5622B0012D637 /* LaunchScreen.storyboard */,
				FDAF55AE20A5622B0012D637 /* Info.plist */,
				FD4809DC20A58A5A00BB3E78 /* MyBridgeModule.h */,
				FD4809DD20A58A5A00BB3E78 /* MyBridgeModule.m */,
				FD4809DB20A58A5900BB3E78 /* mix_rn-Bridging-Header.h */,
			);
			path = mix_rn;
			sourceTree = "<group>";
		};
/* End PBXGroup section */

/* Begin PBXNativeTarget section */
		FDAF559E20A562290012D637 /* mix_rn */ = {
			isa = PBXNativeTarget;
			buildConfigurationList = FDAF55B120A5622B0012D637 /* Build configuration list for PBXNativeTarget "mix_rn" */;
			buildPhases = (
				8FFA63D7292281E127BDE0B1 /* [CP] Check Pods Manifest.lock */,
				FDAF559B20A562290012D637 /* Sources */,
				FDAF559C20A562290012D637 /* Frameworks */,
				FDAF559D20A562290012D637 /* Resources */,
				B63BA7CEA173A79050F9BCD6 /* [CP] Embed Pods Frameworks */,
			);
			buildRules = (
			);
			dependencies = (
			);
			name = mix_rn;
			productName = mix_rn;
			productReference = FDAF559F20A562290012D637 /* mix_rn.app */;
			productType = "com.apple.product-type.application";
		};
/* End PBXNativeTarget section */

/* Begin PBXProject section */
		FDAF559720A562290012D637 /* Project object */ = {
			isa = PBXProject;
			attributes = {
				LastSwiftUpdateCheck = 0930;
				LastUpgradeCheck = 0930;
				ORGANIZATIONNAME = zhai;
				TargetAttributes = {
					FDAF559E20A562290012D637 = {
						CreatedOnToolsVersion = 9.3;
						LastSwiftMigration = 0930;
					};
				};
			};
			buildConfigurationList = FDAF559A20A562290012D637 /* Build configuration list for PBXProject "mix_rn" */;
			compatibilityVersion = "Xcode 9.3";
			developmentRegion = en;
			hasScannedForEncodings = 0;
			knownRegions = (
				en,
				Base,
			);
			mainGroup = FDAF559620A562290012D637;
			productRefGroup = FDAF55A020A562290012D637 /* Products */;
			projectDirPath = "";
			projectRoot = "";
			targets = (
				FDAF559E20A562290012D637 /* mix_rn */,
			);
		};
/* End PBXProject section */

/* Begin PBXResourcesBuildPhase section */
		FDAF559D20A562290012D637 /* Resources */ = {
			isa = PBXResourcesBuildPhase;
			buildActionMask = 2147483647;
			files = (
				FDAF55AD20A5622B0012D637 /* LaunchScreen.storyboard in Resources */,
				FDAF55AA20A5622B0012D637 /* Assets.xcassets in Resources */,
				FDAF55A820A562290012D637 /* Main.storyboard in Resources */,
			);
			runOnlyForDeploymentPostprocessing = 0;
		};
/* End PBXResourcesBuildPhase section */

/* Begin PBXShellScriptBuildPhase section */
		8FFA63D7292281E127BDE0B1 /* [CP] Check Pods Manifest.lock */ = {
			isa = PBXShellScriptBuildPhase;
			buildActionMask = 2147483647;
			files = (
			);
			inputPaths = (
				"${PODS_PODFILE_DIR_PATH}/Podfile.lock",
				"${PODS_ROOT}/Manifest.lock",
			);
			name = "[CP] Check Pods Manifest.lock";
			outputPaths = (
				"$(DERIVED_FILE_DIR)/Pods-mix_rn-checkManifestLockResult.txt",
			);
			runOnlyForDeploymentPostprocessing = 0;
			shellPath = /bin/sh;
			shellScript = "diff \"${PODS_PODFILE_DIR_PATH}/Podfile.lock\" \"${PODS_ROOT}/Manifest.lock\" > /dev/null\nif [ $? != 0 ] ; then\n    # print error to STDERR\n    echo \"error: The sandbox is not in sync with the Podfile.lock. Run 'pod install' or update your CocoaPods installation.\" >&2\n    exit 1\nfi\n# This output is used by Xcode 'outputs' to avoid re-running this script phase.\necho \"SUCCESS\" > \"${SCRIPT_OUTPUT_FILE_0}\"\n";
			showEnvVarsInLog = 0;
		};
		B63BA7CEA173A79050F9BCD6 /* [CP] Embed Pods Frameworks */ = {
			isa = PBXShellScriptBuildPhase;
			buildActionMask = 2147483647;
			files = (
			);
			inputPaths = (
				"${SRCROOT}/Pods/Target Support Files/Pods-mix_rn/Pods-mix_rn-frameworks.sh",
				"${BUILT_PRODUCTS_DIR}/DoubleConversion/DoubleConversion.framework",
				"${BUILT_PRODUCTS_DIR}/Folly/folly.framework",
				"${BUILT_PRODUCTS_DIR}/React/React.framework",
				"${BUILT_PRODUCTS_DIR}/glog/glog.framework",
				"${BUILT_PRODUCTS_DIR}/yoga/yoga.framework",
			);
			name = "[CP] Embed Pods Frameworks";
			outputPaths = (
				"${TARGET_BUILD_DIR}/${FRAMEWORKS_FOLDER_PATH}/DoubleConversion.framework",
				"${TARGET_BUILD_DIR}/${FRAMEWORKS_FOLDER_PATH}/folly.framework",
				"${TARGET_BUILD_DIR}/${FRAMEWORKS_FOLDER_PATH}/React.framework",
				"${TARGET_BUILD_DIR}/${FRAMEWORKS_FOLDER_PATH}/glog.framework",
				"${TARGET_BUILD_DIR}/${FRAMEWORKS_FOLDER_PATH}/yoga.framework",
			);
			runOnlyForDeploymentPostprocessing = 0;
			shellPath = /bin/sh;
			shellScript = "\"${SRCROOT}/Pods/Target Support Files/Pods-mix_rn/Pods-mix_rn-frameworks.sh\"\n";
			showEnvVarsInLog = 0;
		};
/* End PBXShellScriptBuildPhase section */

/* Begin PBXSourcesBuildPhase section */
		FDAF559B20A562290012D637 /* Sources */ = {
			isa = PBXSourcesBuildPhase;
			buildActionMask = 2147483647;
			files = (
				FDAF55A520A562290012D637 /* ViewController.swift in Sources */,
				FD4809DE20A58A5A00BB3E78 /* MyBridgeModule.m in Sources */,
				FDAF55A320A562290012D637 /* AppDelegate.swift in Sources */,
			);
			runOnlyForDeploymentPostprocessing = 0;
		};
/* End PBXSourcesBuildPhase section */

/* Begin PBXVariantGroup section */
		FDAF55A620A562290012D637 /* Main.storyboard */ = {
			isa = PBXVariantGroup;
			children = (
				FDAF55A720A562290012D637 /* Base */,
			);
			name = Main.storyboard;
			sourceTree = "<group>";
		};
		FDAF55AB20A5622B0012D637 /* LaunchScreen.storyboard */ = {
			isa = PBXVariantGroup;
			children = (
				FDAF55AC20A5622B0012D637 /* Base */,
			);
			name = LaunchScreen.storyboard;
			sourceTree = "<group>";
		};
/* End PBXVariantGroup section */

/* Begin XCBuildConfiguration section */
		FDAF55AF20A5622B0012D637 /* Debug */ = {
			isa = XCBuildConfiguration;
			buildSettings = {
				ALWAYS_SEARCH_USER_PATHS = NO;
				CLANG_ANALYZER_NONNULL = YES;
				CLANG_ANALYZER_NUMBER_OBJECT_CONVERSION = YES_AGGRESSIVE;
				CLANG_CXX_LANGUAGE_STANDARD = "gnu++14";
				CLANG_CXX_LIBRARY = "libc++";
				CLANG_ENABLE_MODULES = YES;
				CLANG_ENABLE_OBJC_ARC = YES;
				CLANG_ENABLE_OBJC_WEAK = YES;
				CLANG_WARN_BLOCK_CAPTURE_AUTORELEASING = YES;
				CLANG_WARN_BOOL_CONVERSION = YES;
				CLANG_WARN_COMMA = YES;
				CLANG_WARN_CONSTANT_CONVERSION = YES;
				CLANG_WARN_DEPRECATED_OBJC_IMPLEMENTATIONS = YES;
				CLANG_WARN_DIRECT_OBJC_ISA_USAGE = YES_ERROR;
				CLANG_WARN_DOCUMENTATION_COMMENTS = YES;
				CLANG_WARN_EMPTY_BODY = YES;
				CLANG_WARN_ENUM_CONVERSION = YES;
				CLANG_WARN_INFINITE_RECURSION = YES;
				CLANG_WARN_INT_CONVERSION = YES;
				CLANG_WARN_NON_LITERAL_NULL_CONVERSION = YES;
				CLANG_WARN_OBJC_IMPLICIT_RETAIN_SELF = YES;
				CLANG_WARN_OBJC_LITERAL_CONVERSION = YES;
				CLANG_WARN_OBJC_ROOT_CLASS = YES_ERROR;
				CLANG_WARN_RANGE_LOOP_ANALYSIS = YES;
				CLANG_WARN_STRICT_PROTOTYPES = YES;
				CLANG_WARN_SUSPICIOUS_MOVE = YES;
				CLANG_WARN_UNGUARDED_AVAILABILITY = YES_AGGRESSIVE;
				CLANG_WARN_UNREACHABLE_CODE = YES;
				CLANG_WARN__DUPLICATE_METHOD_MATCH = YES;
				CODE_SIGN_IDENTITY = "iPhone Developer";
				COPY_PHASE_STRIP = NO;
				DEBUG_INFORMATION_FORMAT = dwarf;
				ENABLE_STRICT_OBJC_MSGSEND = YES;
				ENABLE_TESTABILITY = YES;
				GCC_C_LANGUAGE_STANDARD = gnu11;
				GCC_DYNAMIC_NO_PIC = NO;
				GCC_NO_COMMON_BLOCKS = YES;
				GCC_OPTIMIZATION_LEVEL = 0;
				GCC_PREPROCESSOR_DEFINITIONS = (
					"DEBUG=1",
					"$(inherited)",
				);
				GCC_WARN_64_TO_32_BIT_CONVERSION = YES;
				GCC_WARN_ABOUT_RETURN_TYPE = YES_ERROR;
				GCC_WARN_UNDECLARED_SELECTOR = YES;
				GCC_WARN_UNINITIALIZED_AUTOS = YES_AGGRESSIVE;
				GCC_WARN_UNUSED_FUNCTION = YES;
				GCC_WARN_UNUSED_VARIABLE = YES;
				IPHONEOS_DEPLOYMENT_TARGET = 11.3;
				MTL_ENABLE_DEBUG_INFO = YES;
				ONLY_ACTIVE_ARCH = YES;
				SDKROOT = iphoneos;
				SWIFT_ACTIVE_COMPILATION_CONDITIONS = DEBUG;
				SWIFT_OPTIMIZATION_LEVEL = "-Onone";
			};
			name = Debug;
		};
		FDAF55B020A5622B0012D637 /* Release */ = {
			isa = XCBuildConfiguration;
			buildSettings = {
				ALWAYS_SEARCH_USER_PATHS = NO;
				CLANG_ANALYZER_NONNULL = YES;
				CLANG_ANALYZER_NUMBER_OBJECT_CONVERSION = YES_AGGRESSIVE;
				CLANG_CXX_LANGUAGE_STANDARD = "gnu++14";
				CLANG_CXX_LIBRARY = "libc++";
				CLANG_ENABLE_MODULES = YES;
				CLANG_ENABLE_OBJC_ARC = YES;
				CLANG_ENABLE_OBJC_WEAK = YES;
				CLANG_WARN_BLOCK_CAPTURE_AUTORELEASING = YES;
				CLANG_WARN_BOOL_CONVERSION = YES;
				CLANG_WARN_COMMA = YES;
				CLANG_WARN_CONSTANT_CONVERSION = YES;
				CLANG_WARN_DEPRECATED_OBJC_IMPLEMENTATIONS = YES;
				CLANG_WARN_DIRECT_OBJC_ISA_USAGE = YES_ERROR;
				CLANG_WARN_DOCUMENTATION_COMMENTS = YES;
				CLANG_WARN_EMPTY_BODY = YES;
				CLANG_WARN_ENUM_CONVERSION = YES;
				CLANG_WARN_INFINITE_RECURSION = YES;
				CLANG_WARN_INT_CONVERSION = YES;
				CLANG_WARN_NON_LITERAL_NULL_CONVERSION = YES;
				CLANG_WARN_OBJC_IMPLICIT_RETAIN_SELF = YES;
				CLANG_WARN_OBJC_LITERAL_CONVERSION = YES;
				CLANG_WARN_OBJC_ROOT_CLASS = YES_ERROR;
				CLANG_WARN_RANGE_LOOP_ANALYSIS = YES;
				CLANG_WARN_STRICT_PROTOTYPES = YES;
				CLANG_WARN_SUSPICIOUS_MOVE = YES;
				CLANG_WARN_UNGUARDED_AVAILABILITY = YES_AGGRESSIVE;
				CLANG_WARN_UNREACHABLE_CODE = YES;
				CLANG_WARN__DUPLICATE_METHOD_MATCH = YES;
				CODE_SIGN_IDENTITY = "iPhone Developer";
				COPY_PHASE_STRIP = NO;
				DEBUG_INFORMATION_FORMAT = "dwarf-with-dsym";
				ENABLE_NS_ASSERTIONS = NO;
				ENABLE_STRICT_OBJC_MSGSEND = YES;
				GCC_C_LANGUAGE_STANDARD = gnu11;
				GCC_NO_COMMON_BLOCKS = YES;
				GCC_WARN_64_TO_32_BIT_CONVERSION = YES;
				GCC_WARN_ABOUT_RETURN_TYPE = YES_ERROR;
				GCC_WARN_UNDECLARED_SELECTOR = YES;
				GCC_WARN_UNINITIALIZED_AUTOS = YES_AGGRESSIVE;
				GCC_WARN_UNUSED_FUNCTION = YES;
				GCC_WARN_UNUSED_VARIABLE = YES;
				IPHONEOS_DEPLOYMENT_TARGET = 11.3;
				MTL_ENABLE_DEBUG_INFO = NO;
				SDKROOT = iphoneos;
				SWIFT_COMPILATION_MODE = wholemodule;
				SWIFT_OPTIMIZATION_LEVEL = "-O";
				VALIDATE_PRODUCT = YES;
			};
			name = Release;
		};
		FDAF55B220A5622B0012D637 /* Debug */ = {
			isa = XCBuildConfiguration;
			baseConfigurationReference = 0070FD94C11DC3388C72BFF6 /* Pods-mix_rn.debug.xcconfig */;
			buildSettings = {
				ASSETCATALOG_COMPILER_APPICON_NAME = AppIcon;
				CLANG_ENABLE_MODULES = YES;
				CODE_SIGN_STYLE = Automatic;
				DEVELOPMENT_TEAM = 62B9844674;
				INFOPLIST_FILE = mix_rn/Info.plist;
				LD_RUNPATH_SEARCH_PATHS = (
					"$(inherited)",
					"@executable_path/Frameworks",
				);
				PRODUCT_BUNDLE_IDENTIFIER = "com.mix.rn.mix-rn";
				PRODUCT_NAME = "$(TARGET_NAME)";
				SWIFT_OBJC_BRIDGING_HEADER = "mix_rn/mix_rn-Bridging-Header.h";
				SWIFT_OPTIMIZATION_LEVEL = "-Onone";
				SWIFT_VERSION = 4.0;
				TARGETED_DEVICE_FAMILY = "1,2";
			};
			name = Debug;
		};
		FDAF55B320A5622B0012D637 /* Release */ = {
			isa = XCBuildConfiguration;
			baseConfigurationReference = DB8966B91A753882F08385D9 /* Pods-mix_rn.release.xcconfig */;
			buildSettings = {
				ASSETCATALOG_COMPILER_APPICON_NAME = AppIcon;
				CLANG_ENABLE_MODULES = YES;
				CODE_SIGN_STYLE = Automatic;
				DEVELOPMENT_TEAM = 62B9844674;
				INFOPLIST_FILE = mix_rn/Info.plist;
				LD_RUNPATH_SEARCH_PATHS = (
					"$(inherited)",
					"@executable_path/Frameworks",
				);
				PRODUCT_BUNDLE_IDENTIFIER = "com.mix.rn.mix-rn";
				PRODUCT_NAME = "$(TARGET_NAME)";
				SWIFT_OBJC_BRIDGING_HEADER = "mix_rn/mix_rn-Bridging-Header.h";
				SWIFT_VERSION = 4.0;
				TARGETED_DEVICE_FAMILY = "1,2";
			};
			name = Release;
		};
/* End XCBuildConfiguration section */

/* Begin XCConfigurationList section */
		FDAF559A20A562290012D637 /* Build configuration list for PBXProject "mix_rn" */ = {
			isa = XCConfigurationList;
			buildConfigurations = (
				FDAF55AF20A5622B0012D637 /* Debug */,
				FDAF55B020A5622B0012D637 /* Release */,
			);
			defaultConfigurationIsVisible = 0;
			defaultConfigurationName = Release;
		};
		FDAF55B120A5622B0012D637 /* Build configuration list for PBXNativeTarget "mix_rn" */ = {
			isa = XCConfigurationList;
			buildConfigurations = (
				FDAF55B220A5622B0012D637 /* Debug */,
				FDAF55B320A5622B0012D637 /* Release */,
			);
			defaultConfigurationIsVisible = 0;
			defaultConfigurationName = Release;
		};
/* End XCConfigurationList section */
	};
	rootObject = FDAF559720A562290012D637 /* Project object */;
}
